
Microsoft Visual Studio Solution File, Format Version 12.00
# Visual Studio Express 2012 for Windows Desktop
Project("{FAE04EC0-301F-11D3-BF4B-00C04F79EFBC}") = "ArmaBrowser", "ArmaBrowser\ArmaBrowser.csproj", "{396D5BF5-9138-4D1D-A2A0-8938E9B7DB76}"
EndProject
Project("{FAE04EC0-301F-11D3-BF4B-00C04F79EFBC}") = "UpdaterLib", "UpdaterLib\UpdaterLib.csproj", "{FDF25613-678F-45A2-A42D-F3383AB878F6}"
EndProject
Project("{FAE04EC0-301F-11D3-BF4B-00C04F79EFBC}") = "UnitTestProject1", "UnitTestProject1\UnitTestProject1.csproj", "{F7082D88-630D-4EE9-A79C-64B4DE00C945}"
EndProject
Global
	GlobalSection(SolutionConfigurationPlatforms) = preSolution
		Debug|Any CPU = Debug|Any CPU
		Release|Any CPU = Release|Any CPU
	EndGlobalSection
	GlobalSection(ProjectConfigurationPlatforms) = postSolution
		{396D5BF5-9138-4D1D-A2A0-8938E9B7DB76}.Debug|Any CPU.ActiveCfg = Debug|Any CPU
		{396D5BF5-9138-4D1D-A2A0-8938E9B7DB76}.Debug|Any CPU.Build.0 = Debug|Any CPU
		{396D5BF5-9138-4D1D-A2A0-8938E9B7DB76}.Release|Any CPU.ActiveCfg = Release|Any CPU
		{396D5BF5-9138-4D1D-A2A0-8938E9B7DB76}.Release|Any CPU.Build.0 = Release|Any CPU
		{FDF25613-678F-45A2-A42D-F3383AB878F6}.Debug|Any CPU.ActiveCfg = Debug|Any CPU
		{FDF25613-678F-45A2-A42D-F3383AB878F6}.Release|Any CPU.ActiveCfg = Release|Any CPU
		{F7082D88-630D-4EE9-A79C-64B4DE00C945}.Debug|Any CPU.ActiveCfg = Debug|Any CPU
		{F7082D88-630D-4EE9-A79C-64B4DE00C945}.Debug|Any CPU.Build.0 = Debug|Any CPU
		{F7082D88-630D-4EE9-A79C-64B4DE00C945}.Release|Any CPU.ActiveCfg = Release|Any CPU
		{F7082D88-630D-4EE9-A79C-64B4DE00C945}.Release|Any CPU.Build.0 = Release|Any CPU
	EndGlobalSection
	GlobalSection(SolutionProperties) = preSolution
		HideSolutionNode = FALSE
	EndGlobalSection
EndGlobal
